
Microsoft Visual Studio Solution File, Format Version 12.00
# Visual Studio Version 17
VisualStudioVersion = 17.10.34928.147
MinimumVisualStudioVersion = 10.0.40219.1
Project("{FAE04EC0-301F-11D3-BF4B-00C04F79EFBC}") = "rock-paper-scissors-game-incsharp", "rock-paper-scissors-game-incsharp\rock-paper-scissors-game-incsharp.csproj", "{EA8DBA2C-92CB-4676-A311-42B899DC7140}"
EndProject
Global
	GlobalSection(SolutionConfigurationPlatforms) = preSolution
		Debug|Any CPU = Debug|Any CPU
		Release|Any CPU = Release|Any CPU
	EndGlobalSection
	GlobalSection(ProjectConfigurationPlatforms) = postSolution
		{EA8DBA2C-92CB-4676-A311-42B899DC7140}.Debug|Any CPU.ActiveCfg = Debug|Any CPU
		{EA8DBA2C-92CB-4676-A311-42B899DC7140}.Debug|Any CPU.Build.0 = Debug|Any CPU
		{EA8DBA2C-92CB-4676-A311-42B899DC7140}.Release|Any CPU.ActiveCfg = Release|Any CPU
		{EA8DBA2C-92CB-4676-A311-42B899DC7140}.Release|Any CPU.Build.0 = Release|Any CPU
	EndGlobalSection
	GlobalSection(SolutionProperties) = preSolution
		HideSolutionNode = FALSE
	EndGlobalSection
	GlobalSection(ExtensibilityGlobals) = postSolution
		SolutionGuid = {F7554B6B-DCD6-4066-94CF-396CC37CBEC5}
	EndGlobalSection
EndGlobal
